
Microsoft Visual Studio Solution File, Format Version 12.00
# Visual Studio Version 16
VisualStudioVersion = 16.0.30503.244
MinimumVisualStudioVersion = 10.0.40219.1
Project("{FAE04EC0-301F-11D3-BF4B-00C04F79EFBC}") = "snake", "snake\snake.csproj", "{0CFD4C44-07E9-4398-ADC3-F7AF7C3CDBBD}"
EndProject
Global
	GlobalSection(SolutionConfigurationPlatforms) = preSolution
		Debug|Any CPU = Debug|Any CPU
		Release|Any CPU = Release|Any CPU
	EndGlobalSection
	GlobalSection(ProjectConfigurationPlatforms) = postSolution
		{0CFD4C44-07E9-4398-ADC3-F7AF7C3CDBBD}.Debug|Any CPU.ActiveCfg = Debug|Any CPU
		{0CFD4C44-07E9-4398-ADC3-F7AF7C3CDBBD}.Debug|Any CPU.Build.0 = Debug|Any CPU
		{0CFD4C44-07E9-4398-ADC3-F7AF7C3CDBBD}.Release|Any CPU.ActiveCfg = Release|Any CPU
		{0CFD4C44-07E9-4398-ADC3-F7AF7C3CDBBD}.Release|Any CPU.Build.0 = Release|Any CPU
	EndGlobalSection
	GlobalSection(SolutionProperties) = preSolution
		HideSolutionNode = FALSE
	EndGlobalSection
	GlobalSection(ExtensibilityGlobals) = postSolution
		SolutionGuid = {73E3A615-3B6D-4C27-B431-2F7F079219FD}
	EndGlobalSection
EndGlobal
